{
  "name": "custom-ripple",
  "version": "0.11.0",
  "lockfileVersion": 1,
  "requires": true,
  "dependencies": {
    "backed": {
      "version": "0.12.0",
      "resolved": "https://registry.npmjs.org/backed/-/backed-0.12.0.tgz",
      "integrity": "sha512-FDLZMOn8SDRKYTbILodj6GSZW+xsr6M38qkv8vFIXJRV5H1XI0PeaEr3uI5YPT/389hM/1gymaZufr3yyWMQUw=="
    },
    "custom-html-tag": {
      "version": "0.1.6",
      "resolved": "https://registry.npmjs.org/custom-html-tag/-/custom-html-tag-0.1.6.tgz",
      "integrity": "sha512-OGACeCRkxRbTYrlFMOPsDJ5pQCH8VcQkkcZ2TibP+iw1iPPU7lwRieWz4z12lqreLkyoeQP9L3UyxNrfh5W8yQ=="
    },
    "custom-renderer": {
      "version": "0.1.3",
      "resolved": "https://registry.npmjs.org/custom-renderer/-/custom-renderer-0.1.3.tgz",
      "integrity": "sha512-iWubbtBGv1hEjEnsCUkoNdQIfmbCCr0LIP57K7Lj4kKSdLARtXZvZZ8/2Vpe24eepy/6tWsDWcN96DoEa1FQFw=="
    },
    "custom-renderer-mixin": {
      "version": "0.1.10",
      "resolved": "https://registry.npmjs.org/custom-renderer-mixin/-/custom-renderer-mixin-0.1.10.tgz",
      "integrity": "sha512-PP+sWVPGedXLdeycQJUltlBeXFGtvNYh8Vo6D3zNh3LX+IfJ3Tyu44FercaCeVrK1EraY6We04faU0nNol0M7g==",
      "requires": {
        "custom-html-tag": "^0.1.6",
        "custom-renderer": "^0.1.3"
      }
    }
  }
}
