{
  "name": "custom-ripple",
  "version": "0.11.0",
  "lockfileVersion": 1,
  "requires": true,
  "dependencies": {
    "backed": {
      "version": "0.13.0",
      "resolved": "https://registry.npmjs.org/backed/-/backed-0.13.0.tgz",
      "integrity": "sha512-X9uNRGu5Vrvsgtg6MB+5wPCOJgo4WIehWwLm3VqdSqnWFqMRxavP+301+6yP0EBvLJ8rYMVaeYrBbUSBy1fcig=="
    },
    "custom-html-tag": {
      "version": "0.1.1",
      "resolved": "https://registry.npmjs.org/custom-html-tag/-/custom-html-tag-0.1.1.tgz",
      "integrity": "sha512-nDDALwXvTzkH3d1ui0VCfEe7nb4k30TvJtgxmsJVjW/SbiPP/QOb0L7WXZzo0QrYpSWi9dTWRs9ryjSBD+zyYA=="
    },
    "custom-renderer": {
      "version": "0.1.1",
      "resolved": "https://registry.npmjs.org/custom-renderer/-/custom-renderer-0.1.1.tgz",
      "integrity": "sha512-FNELXugx5ZAgLZFQ61WXdKF8l7VOzbrFy3aP5uEpeviSX4YhA+J1HFKd/Vxt5H42uLmNLTqwSSIdUVd/eW2W/w=="
    },
    "custom-renderer-mixin": {
      "version": "0.1.4",
      "resolved": "https://registry.npmjs.org/custom-renderer-mixin/-/custom-renderer-mixin-0.1.4.tgz",
      "integrity": "sha512-cjcJlFzOSyy71mgYcR916LkXADRBdRyiTUBAzL6HidRDt+8+FgP/MzQeKY0CFwq/rEheFvvjLsiEGJJuurgfKA==",
      "requires": {
        "custom-html-tag": "0.1.1",
        "custom-renderer": "0.1.1"
      }
    }
  }
}
