# THIS IS AN AUTOGENERATED FILE. DO NOT EDIT THIS FILE DIRECTLY.
# yarn lockfile v1


backed@^0.9.3:
  version "0.9.3"
  resolved "https://registry.yarnpkg.com/backed/-/backed-0.9.3.tgz#fe559c2d6c57f56182e11323183c49fd3ea42a4b"
  dependencies:
    lit-html "^0.7.1"

lit-html@^0.7.1:
  version "0.7.1"
  resolved "https://registry.yarnpkg.com/lit-html/-/lit-html-0.7.1.tgz#61785045cf84f9ee955fa078c2985b52b765ad16"
